
Microsoft Visual Studio Solution File, Format Version 12.00
# Visual Studio Version 16
VisualStudioVersion = 16.0.31624.102
MinimumVisualStudioVersion = 10.0.40219.1
Project("{FAE04EC0-301F-11D3-BF4B-00C04F79EFBC}") = "WebsiteKinhDoanhCayCanh", "WebsiteKinhDoanhCayCanh\WebsiteKinhDoanhCayCanh.csproj", "{C55DEE61-B6D7-4E9B-BA30-CF87444D008C}"
EndProject
Global
	GlobalSection(SolutionConfigurationPlatforms) = preSolution
		Debug|Any CPU = Debug|Any CPU
		Release|Any CPU = Release|Any CPU
	EndGlobalSection
	GlobalSection(ProjectConfigurationPlatforms) = postSolution
		{C55DEE61-B6D7-4E9B-BA30-CF87444D008C}.Debug|Any CPU.ActiveCfg = Debug|Any CPU
		{C55DEE61-B6D7-4E9B-BA30-CF87444D008C}.Debug|Any CPU.Build.0 = Debug|Any CPU
		{C55DEE61-B6D7-4E9B-BA30-CF87444D008C}.Release|Any CPU.ActiveCfg = Release|Any CPU
		{C55DEE61-B6D7-4E9B-BA30-CF87444D008C}.Release|Any CPU.Build.0 = Release|Any CPU
	EndGlobalSection
	GlobalSection(SolutionProperties) = preSolution
		HideSolutionNode = FALSE
	EndGlobalSection
	GlobalSection(ExtensibilityGlobals) = postSolution
		SolutionGuid = {57C77D80-A1A6-4EF6-84B9-A0139D65CE2C}
	EndGlobalSection
EndGlobal
